
Microsoft Visual Studio Solution File, Format Version 12.00
# Visual Studio Version 17
VisualStudioVersion = 17.14.36414.22
MinimumVisualStudioVersion = 10.0.40219.1
Project("{FAE04EC0-301F-11D3-BF4B-00C04F79EFBC}") = "FolderSync.Tests", "VeeamTestTask-FolderSync.Tests\FolderSync.Tests.csproj", "{0C5D31C9-522B-47A7-A3CB-DBB0B5F841D8}"
EndProject
Project("{FAE04EC0-301F-11D3-BF4B-00C04F79EFBC}") = "FolderSync.App", "VeeamTestTask-FolderSync\FolderSync.App.csproj", "{FB6DBE17-AC3C-4596-7C83-7F874BBF4497}"
EndProject
Project("{FAE04EC0-301F-11D3-BF4B-00C04F79EFBC}") = "FolderSync.Contracts", "VeeamTestTask-FolderSync.Contracts\FolderSync.Contracts.csproj", "{950A07E8-1E9C-408B-8930-E163C2211047}"
EndProject
Project("{FAE04EC0-301F-11D3-BF4B-00C04F79EFBC}") = "FolderSync.Core", "VeeamTestTask-FolderSync.Core\FolderSync.Core.csproj", "{9698EAA6-8B46-4D4E-868B-A80025FD2388}"
EndProject
Global
	GlobalSection(SolutionConfigurationPlatforms) = preSolution
		Debug|Any CPU = Debug|Any CPU
		Release|Any CPU = Release|Any CPU
	EndGlobalSection
	GlobalSection(ProjectConfigurationPlatforms) = postSolution
		{0C5D31C9-522B-47A7-A3CB-DBB0B5F841D8}.Debug|Any CPU.ActiveCfg = Debug|Any CPU
		{0C5D31C9-522B-47A7-A3CB-DBB0B5F841D8}.Debug|Any CPU.Build.0 = Debug|Any CPU
		{0C5D31C9-522B-47A7-A3CB-DBB0B5F841D8}.Release|Any CPU.ActiveCfg = Release|Any CPU
		{0C5D31C9-522B-47A7-A3CB-DBB0B5F841D8}.Release|Any CPU.Build.0 = Release|Any CPU
		{FB6DBE17-AC3C-4596-7C83-7F874BBF4497}.Debug|Any CPU.ActiveCfg = Debug|Any CPU
		{FB6DBE17-AC3C-4596-7C83-7F874BBF4497}.Debug|Any CPU.Build.0 = Debug|Any CPU
		{FB6DBE17-AC3C-4596-7C83-7F874BBF4497}.Release|Any CPU.ActiveCfg = Release|Any CPU
		{FB6DBE17-AC3C-4596-7C83-7F874BBF4497}.Release|Any CPU.Build.0 = Release|Any CPU
		{950A07E8-1E9C-408B-8930-E163C2211047}.Debug|Any CPU.ActiveCfg = Debug|Any CPU
		{950A07E8-1E9C-408B-8930-E163C2211047}.Debug|Any CPU.Build.0 = Debug|Any CPU
		{950A07E8-1E9C-408B-8930-E163C2211047}.Release|Any CPU.ActiveCfg = Release|Any CPU
		{950A07E8-1E9C-408B-8930-E163C2211047}.Release|Any CPU.Build.0 = Release|Any CPU
		{9698EAA6-8B46-4D4E-868B-A80025FD2388}.Debug|Any CPU.ActiveCfg = Debug|Any CPU
		{9698EAA6-8B46-4D4E-868B-A80025FD2388}.Debug|Any CPU.Build.0 = Debug|Any CPU
		{9698EAA6-8B46-4D4E-868B-A80025FD2388}.Release|Any CPU.ActiveCfg = Release|Any CPU
		{9698EAA6-8B46-4D4E-868B-A80025FD2388}.Release|Any CPU.Build.0 = Release|Any CPU
	EndGlobalSection
	GlobalSection(SolutionProperties) = preSolution
		HideSolutionNode = FALSE
	EndGlobalSection
	GlobalSection(ExtensibilityGlobals) = postSolution
		SolutionGuid = {E674CFAE-36F0-4F92-8C3D-529127D931FC}
	EndGlobalSection
EndGlobal
